// !$*UTF8*$!
{
	archiveVersion = 1;
	classes = {
	};
	objectVersion = 77;
	objects = {

/* Begin PBXBuildFile section */
		A5C44B0D2E33BF3300925B23 /* Info.plist in Resources */ = {isa = PBXBuildFile; fileRef = A5C44B0C2E33BF3300925B23 /* Info.plist */; };
/* End PBXBuildFile section */

/* Begin PBXContainerItemProxy section */
		A5C44AF02E33BD7C00925B23 /* PBXContainerItemProxy */ = {
			isa = PBXContainerItemProxy;
			containerPortal = A5C44AD92E33BD7B00925B23 /* Project object */;
			proxyType = 1;
			remoteGlobalIDString = A5C44AE02E33BD7B00925B23;
			remoteInfo = CopyURL;
		};
		A5C44AFA2E33BD7C00925B23 /* PBXContainerItemProxy */ = {
			isa = PBXContainerItemProxy;
			containerPortal = A5C44AD92E33BD7B00925B23 /* Project object */;
			proxyType = 1;
			remoteGlobalIDString = A5C44AE02E33BD7B00925B23;
			remoteInfo = CopyURL;
		};
/* End PBXContainerItemProxy section */

/* Begin PBXFileReference section */
		A5C44AE12E33BD7B00925B23 /* Copy URL.app */ = {isa = PBXFileReference; explicitFileType = wrapper.application; includeInIndex = 0; path = "Copy URL.app"; sourceTree = BUILT_PRODUCTS_DIR; };
		A5C44AEF2E33BD7C00925B23 /* CopyURLTests.xctest */ = {isa = PBXFileReference; explicitFileType = wrapper.cfbundle; includeInIndex = 0; path = CopyURLTests.xctest; sourceTree = BUILT_PRODUCTS_DIR; };
		A5C44AF92E33BD7C00925B23 /* CopyURLUITests.xctest */ = {isa = PBXFileReference; explicitFileType = wrapper.cfbundle; includeInIndex = 0; path = CopyURLUITests.xctest; sourceTree = BUILT_PRODUCTS_DIR; };
		A5C44B0C2E33BF3300925B23 /* Info.plist */ = {isa = PBXFileReference; lastKnownFileType = text.plist.xml; path = Info.plist; sourceTree = "<group>"; };
/* End PBXFileReference section */

/* Begin PBXFileSystemSynchronizedRootGroup section */
		A5C44AE32E33BD7B00925B23 /* CopyURL */ = {
			isa = PBXFileSystemSynchronizedRootGroup;
			path = CopyURL;
			sourceTree = "<group>";
		};
		A5C44AF22E33BD7C00925B23 /* CopyURLTests */ = {
			isa = PBXFileSystemSynchronizedRootGroup;
			path = CopyURLTests;
			sourceTree = "<group>";
		};
		A5C44AFC2E33BD7C00925B23 /* CopyURLUITests */ = {
			isa = PBXFileSystemSynchronizedRootGroup;
			path = CopyURLUITests;
			sourceTree = "<group>";
		};
/* End PBXFileSystemSynchronizedRootGroup section */

/* Begin PBXFrameworksBuildPhase section */
		A5C44ADE2E33BD7B00925B23 /* Frameworks */ = {
			isa = PBXFrameworksBuildPhase;
			buildActionMask = 2147483647;
			files = (
			);
			runOnlyForDeploymentPostprocessing = 0;
		};
		A5C44AEC2E33BD7C00925B23 /* Frameworks */ = {
			isa = PBXFrameworksBuildPhase;
			buildActionMask = 2147483647;
			files = (
			);
			runOnlyForDeploymentPostprocessing = 0;
		};
		A5C44AF62E33BD7C00925B23 /* Frameworks */ = {
			isa = PBXFrameworksBuildPhase;
			buildActionMask = 2147483647;
			files = (
			);
			runOnlyForDeploymentPostprocessing = 0;
		};
/* End PBXFrameworksBuildPhase section */

/* Begin PBXGroup section */
		A5C44AD82E33BD7B00925B23 = {
			isa = PBXGroup;
			children = (
				A5C44B0C2E33BF3300925B23 /* Info.plist */,
				A5C44AE32E33BD7B00925B23 /* CopyURL */,
				A5C44AF22E33BD7C00925B23 /* CopyURLTests */,
				A5C44AFC2E33BD7C00925B23 /* CopyURLUITests */,
				A5C44AE22E33BD7B00925B23 /* Products */,
			);
			sourceTree = "<group>";
		};
		A5C44AE22E33BD7B00925B23 /* Products */ = {
			isa = PBXGroup;
			children = (
				A5C44AE12E33BD7B00925B23 /* Copy URL.app */,
				A5C44AEF2E33BD7C00925B23 /* CopyURLTests.xctest */,
				A5C44AF92E33BD7C00925B23 /* CopyURLUITests.xctest */,
			);
			name = Products;
			sourceTree = "<group>";
		};
/* End PBXGroup section */

/* Begin PBXNativeTarget section */
		A5C44AE02E33BD7B00925B23 /* CopyURL */ = {
			isa = PBXNativeTarget;
			buildConfigurationList = A5C44B032E33BD7C00925B23 /* Build configuration list for PBXNativeTarget "CopyURL" */;
			buildPhases = (
				A5C44ADD2E33BD7B00925B23 /* Sources */,
				A5C44ADE2E33BD7B00925B23 /* Frameworks */,
				A5C44ADF2E33BD7B00925B23 /* Resources */,
			);
			buildRules = (
			);
			dependencies = (
			);
			fileSystemSynchronizedGroups = (
				A5C44AE32E33BD7B00925B23 /* CopyURL */,
			);
			name = CopyURL;
			packageProductDependencies = (
			);
			productName = CopyURL;
			productReference = A5C44AE12E33BD7B00925B23 /* Copy URL.app */;
			productType = "com.apple.product-type.application";
		};
		A5C44AEE2E33BD7C00925B23 /* CopyURLTests */ = {
			isa = PBXNativeTarget;
			buildConfigurationList = A5C44B062E33BD7C00925B23 /* Build configuration list for PBXNativeTarget "CopyURLTests" */;
			buildPhases = (
				A5C44AEB2E33BD7C00925B23 /* Sources */,
				A5C44AEC2E33BD7C00925B23 /* Frameworks */,
				A5C44AED2E33BD7C00925B23 /* Resources */,
			);
			buildRules = (
			);
			dependencies = (
				A5C44AF12E33BD7C00925B23 /* PBXTargetDependency */,
			);
			fileSystemSynchronizedGroups = (
				A5C44AF22E33BD7C00925B23 /* CopyURLTests */,
			);
			name = CopyURLTests;
			packageProductDependencies = (
			);
			productName = CopyURLTests;
			productReference = A5C44AEF2E33BD7C00925B23 /* CopyURLTests.xctest */;
			productType = "com.apple.product-type.bundle.unit-test";
		};
		A5C44AF82E33BD7C00925B23 /* CopyURLUITests */ = {
			isa = PBXNativeTarget;
			buildConfigurationList = A5C44B092E33BD7C00925B23 /* Build configuration list for PBXNativeTarget "CopyURLUITests" */;
			buildPhases = (
				A5C44AF52E33BD7C00925B23 /* Sources */,
				A5C44AF62E33BD7C00925B23 /* Frameworks */,
				A5C44AF72E33BD7C00925B23 /* Resources */,
			);
			buildRules = (
			);
			dependencies = (
				A5C44AFB2E33BD7C00925B23 /* PBXTargetDependency */,
			);
			fileSystemSynchronizedGroups = (
				A5C44AFC2E33BD7C00925B23 /* CopyURLUITests */,
			);
			name = CopyURLUITests;
			packageProductDependencies = (
			);
			productName = CopyURLUITests;
			productReference = A5C44AF92E33BD7C00925B23 /* CopyURLUITests.xctest */;
			productType = "com.apple.product-type.bundle.ui-testing";
		};
/* End PBXNativeTarget section */

/* Begin PBXProject section */
		A5C44AD92E33BD7B00925B23 /* Project object */ = {
			isa = PBXProject;
			attributes = {
				BuildIndependentTargetsInParallel = 1;
				LastSwiftUpdateCheck = 1640;
				LastUpgradeCheck = 1640;
				TargetAttributes = {
					A5C44AE02E33BD7B00925B23 = {
						CreatedOnToolsVersion = 16.4;
					};
					A5C44AEE2E33BD7C00925B23 = {
						CreatedOnToolsVersion = 16.4;
						TestTargetID = A5C44AE02E33BD7B00925B23;
					};
					A5C44AF82E33BD7C00925B23 = {
						CreatedOnToolsVersion = 16.4;
						TestTargetID = A5C44AE02E33BD7B00925B23;
					};
				};
			};
			buildConfigurationList = A5C44ADC2E33BD7B00925B23 /* Build configuration list for PBXProject "CopyURL" */;
			developmentRegion = en;
			hasScannedForEncodings = 0;
			knownRegions = (
				en,
				Base,
			);
			mainGroup = A5C44AD82E33BD7B00925B23;
			minimizedProjectReferenceProxies = 1;
			preferredProjectObjectVersion = 77;
			productRefGroup = A5C44AE22E33BD7B00925B23 /* Products */;
			projectDirPath = "";
			projectRoot = "";
			targets = (
				A5C44AE02E33BD7B00925B23 /* CopyURL */,
				A5C44AEE2E33BD7C00925B23 /* CopyURLTests */,
				A5C44AF82E33BD7C00925B23 /* CopyURLUITests */,
			);
		};
/* End PBXProject section */

/* Begin PBXResourcesBuildPhase section */
		A5C44ADF2E33BD7B00925B23 /* Resources */ = {
			isa = PBXResourcesBuildPhase;
			buildActionMask = 2147483647;
			files = (
				A5C44B0D2E33BF3300925B23 /* Info.plist in Resources */,
			);
			runOnlyForDeploymentPostprocessing = 0;
		};
		A5C44AED2E33BD7C00925B23 /* Resources */ = {
			isa = PBXResourcesBuildPhase;
			buildActionMask = 2147483647;
			files = (
			);
			runOnlyForDeploymentPostprocessing = 0;
		};
		A5C44AF72E33BD7C00925B23 /* Resources */ = {
			isa = PBXResourcesBuildPhase;
			buildActionMask = 2147483647;
			files = (
			);
			runOnlyForDeploymentPostprocessing = 0;
		};
/* End PBXResourcesBuildPhase section */

/* Begin PBXSourcesBuildPhase section */
		A5C44ADD2E33BD7B00925B23 /* Sources */ = {
			isa = PBXSourcesBuildPhase;
			buildActionMask = 2147483647;
			files = (
			);
			runOnlyForDeploymentPostprocessing = 0;
		};
		A5C44AEB2E33BD7C00925B23 /* Sources */ = {
			isa = PBXSourcesBuildPhase;
			buildActionMask = 2147483647;
			files = (
			);
			runOnlyForDeploymentPostprocessing = 0;
		};
		A5C44AF52E33BD7C00925B23 /* Sources */ = {
			isa = PBXSourcesBuildPhase;
			buildActionMask = 2147483647;
			files = (
			);
			runOnlyForDeploymentPostprocessing = 0;
		};
/* End PBXSourcesBuildPhase section */

/* Begin PBXTargetDependency section */
		A5C44AF12E33BD7C00925B23 /* PBXTargetDependency */ = {
			isa = PBXTargetDependency;
			target = A5C44AE02E33BD7B00925B23 /* CopyURL */;
			targetProxy = A5C44AF02E33BD7C00925B23 /* PBXContainerItemProxy */;
		};
		A5C44AFB2E33BD7C00925B23 /* PBXTargetDependency */ = {
			isa = PBXTargetDependency;
			target = A5C44AE02E33BD7B00925B23 /* CopyURL */;
			targetProxy = A5C44AFA2E33BD7C00925B23 /* PBXContainerItemProxy */;
		};
/* End PBXTargetDependency section */

/* Begin XCBuildConfiguration section */
		A5C44B012E33BD7C00925B23 /* Debug */ = {
			isa = XCBuildConfiguration;
			buildSettings = {
				ALWAYS_SEARCH_USER_PATHS = NO;
				ASSETCATALOG_COMPILER_GENERATE_SWIFT_ASSET_SYMBOL_EXTENSIONS = YES;
				CLANG_ANALYZER_NONNULL = YES;
				CLANG_ANALYZER_NUMBER_OBJECT_CONVERSION = YES_AGGRESSIVE;
				CLANG_CXX_LANGUAGE_STANDARD = "gnu++20";
				CLANG_ENABLE_MODULES = YES;
				CLANG_ENABLE_OBJC_ARC = YES;
				CLANG_ENABLE_OBJC_WEAK = YES;
				CLANG_WARN_BLOCK_CAPTURE_AUTORELEASING = YES;
				CLANG_WARN_BOOL_CONVERSION = YES;
				CLANG_WARN_COMMA = YES;
				CLANG_WARN_CONSTANT_CONVERSION = YES;
				CLANG_WARN_DEPRECATED_OBJC_IMPLEMENTATIONS = YES;
				CLANG_WARN_DIRECT_OBJC_ISA_USAGE = YES_ERROR;
				CLANG_WARN_DOCUMENTATION_COMMENTS = YES;
				CLANG_WARN_EMPTY_BODY = YES;
				CLANG_WARN_ENUM_CONVERSION = YES;
				CLANG_WARN_INFINITE_RECURSION = YES;
				CLANG_WARN_INT_CONVERSION = YES;
				CLANG_WARN_NON_LITERAL_NULL_CONVERSION = YES;
				CLANG_WARN_OBJC_IMPLICIT_RETAIN_SELF = YES;
				CLANG_WARN_OBJC_LITERAL_CONVERSION = YES;
				CLANG_WARN_OBJC_ROOT_CLASS = YES_ERROR;
				CLANG_WARN_QUOTED_INCLUDE_IN_FRAMEWORK_HEADER = YES;
				CLANG_WARN_RANGE_LOOP_ANALYSIS = YES;
				CLANG_WARN_STRICT_PROTOTYPES = YES;
				CLANG_WARN_SUSPICIOUS_MOVE = YES;
				CLANG_WARN_UNGUARDED_AVAILABILITY = YES_AGGRESSIVE;
				CLANG_WARN_UNREACHABLE_CODE = YES;
				CLANG_WARN__DUPLICATE_METHOD_MATCH = YES;
				COPY_PHASE_STRIP = NO;
				DEBUG_INFORMATION_FORMAT = dwarf;
				ENABLE_STRICT_OBJC_MSGSEND = YES;
				ENABLE_TESTABILITY = YES;
				ENABLE_USER_SCRIPT_SANDBOXING = YES;
				GCC_C_LANGUAGE_STANDARD = gnu17;
				GCC_DYNAMIC_NO_PIC = NO;
				GCC_NO_COMMON_BLOCKS = YES;
				GCC_OPTIMIZATION_LEVEL = 0;
				GCC_PREPROCESSOR_DEFINITIONS = (
					"DEBUG=1",
					"$(inherited)",
				);
				GCC_WARN_64_TO_32_BIT_CONVERSION = YES;
				GCC_WARN_ABOUT_RETURN_TYPE = YES_ERROR;
				GCC_WARN_UNDECLARED_SELECTOR = YES;
				GCC_WARN_UNINITIALIZED_AUTOS = YES_AGGRESSIVE;
				GCC_WARN_UNUSED_FUNCTION = YES;
				GCC_WARN_UNUSED_VARIABLE = YES;
				LOCALIZATION_PREFERS_STRING_CATALOGS = YES;
				MACOSX_DEPLOYMENT_TARGET = 15.5;
				MTL_ENABLE_DEBUG_INFO = INCLUDE_SOURCE;
				MTL_FAST_MATH = YES;
				ONLY_ACTIVE_ARCH = YES;
				SDKROOT = macosx;
				SWIFT_ACTIVE_COMPILATION_CONDITIONS = "DEBUG $(inherited)";
				SWIFT_OPTIMIZATION_LEVEL = "-Onone";
			};
			name = Debug;
		};
		A5C44B022E33BD7C00925B23 /* Release */ = {
			isa = XCBuildConfiguration;
			buildSettings = {
				ALWAYS_SEARCH_USER_PATHS = NO;
				ASSETCATALOG_COMPILER_GENERATE_SWIFT_ASSET_SYMBOL_EXTENSIONS = YES;
				CLANG_ANALYZER_NONNULL = YES;
				CLANG_ANALYZER_NUMBER_OBJECT_CONVERSION = YES_AGGRESSIVE;
				CLANG_CXX_LANGUAGE_STANDARD = "gnu++20";
				CLANG_ENABLE_MODULES = YES;
				CLANG_ENABLE_OBJC_ARC = YES;
				CLANG_ENABLE_OBJC_WEAK = YES;
				CLANG_WARN_BLOCK_CAPTURE_AUTORELEASING = YES;
				CLANG_WARN_BOOL_CONVERSION = YES;
				CLANG_WARN_COMMA = YES;
				CLANG_WARN_CONSTANT_CONVERSION = YES;
				CLANG_WARN_DEPRECATED_OBJC_IMPLEMENTATIONS = YES;
				CLANG_WARN_DIRECT_OBJC_ISA_USAGE = YES_ERROR;
				CLANG_WARN_DOCUMENTATION_COMMENTS = YES;
				CLANG_WARN_EMPTY_BODY = YES;
				CLANG_WARN_ENUM_CONVERSION = YES;
				CLANG_WARN_INFINITE_RECURSION = YES;
				CLANG_WARN_INT_CONVERSION = YES;
				CLANG_WARN_NON_LITERAL_NULL_CONVERSION = YES;
				CLANG_WARN_OBJC_IMPLICIT_RETAIN_SELF = YES;
				CLANG_WARN_OBJC_LITERAL_CONVERSION = YES;
				CLANG_WARN_OBJC_ROOT_CLASS = YES_ERROR;
				CLANG_WARN_QUOTED_INCLUDE_IN_FRAMEWORK_HEADER = YES;
				CLANG_WARN_RANGE_LOOP_ANALYSIS = YES;
				CLANG_WARN_STRICT_PROTOTYPES = YES;
				CLANG_WARN_SUSPICIOUS_MOVE = YES;
				CLANG_WARN_UNGUARDED_AVAILABILITY = YES_AGGRESSIVE;
				CLANG_WARN_UNREACHABLE_CODE = YES;
				CLANG_WARN__DUPLICATE_METHOD_MATCH = YES;
				COPY_PHASE_STRIP = NO;
				DEBUG_INFORMATION_FORMAT = "dwarf-with-dsym";
				ENABLE_NS_ASSERTIONS = NO;
				ENABLE_STRICT_OBJC_MSGSEND = YES;
				ENABLE_USER_SCRIPT_SANDBOXING = YES;
				GCC_C_LANGUAGE_STANDARD = gnu17;
				GCC_NO_COMMON_BLOCKS = YES;
				GCC_WARN_64_TO_32_BIT_CONVERSION = YES;
				GCC_WARN_ABOUT_RETURN_TYPE = YES_ERROR;
				GCC_WARN_UNDECLARED_SELECTOR = YES;
				GCC_WARN_UNINITIALIZED_AUTOS = YES_AGGRESSIVE;
				GCC_WARN_UNUSED_FUNCTION = YES;
				GCC_WARN_UNUSED_VARIABLE = YES;
				LOCALIZATION_PREFERS_STRING_CATALOGS = YES;
				MACOSX_DEPLOYMENT_TARGET = 15.5;
				MTL_ENABLE_DEBUG_INFO = NO;
				MTL_FAST_MATH = YES;
				SDKROOT = macosx;
				SWIFT_COMPILATION_MODE = wholemodule;
			};
			name = Release;
		};
		A5C44B042E33BD7C00925B23 /* Debug */ = {
			isa = XCBuildConfiguration;
			buildSettings = {
				ASSETCATALOG_COMPILER_APPICON_NAME = AppIcon;
				ASSETCATALOG_COMPILER_GLOBAL_ACCENT_COLOR_NAME = AccentColor;
				CODE_SIGN_ENTITLEMENTS = CopyURL/CopyURL.entitlements;
				"CODE_SIGN_IDENTITY[sdk=macosx*]" = "-";
				CODE_SIGN_STYLE = Automatic;
				COMBINE_HIDPI_IMAGES = YES;
				CURRENT_PROJECT_VERSION = 1;
				DEVELOPMENT_TEAM = W5YD2TFVGJ;
				ENABLE_PREVIEWS = YES;
				GENERATE_INFOPLIST_FILE = YES;
				INFOPLIST_FILE = Info.plist;
				INFOPLIST_KEY_NSHumanReadableCopyright = "";
				LD_RUNPATH_SEARCH_PATHS = (
					"$(inherited)",
					"@executable_path/../Frameworks",
				);
				MARKETING_VERSION = 1.0;
				PRODUCT_BUNDLE_IDENTIFIER = "net.remino.copy-url";
				PRODUCT_NAME = "Copy URL";
				REGISTER_APP_GROUPS = YES;
				SWIFT_EMIT_LOC_STRINGS = YES;
				SWIFT_VERSION = 5.0;
			};
			name = Debug;
		};
		A5C44B052E33BD7C00925B23 /* Release */ = {
			isa = XCBuildConfiguration;
			buildSettings = {
				ASSETCATALOG_COMPILER_APPICON_NAME = AppIcon;
				ASSETCATALOG_COMPILER_GLOBAL_ACCENT_COLOR_NAME = AccentColor;
				CODE_SIGN_ENTITLEMENTS = CopyURL/CopyURL.entitlements;
				"CODE_SIGN_IDENTITY[sdk=macosx*]" = "-";
				CODE_SIGN_STYLE = Automatic;
				COMBINE_HIDPI_IMAGES = YES;
				CURRENT_PROJECT_VERSION = 1;
				DEVELOPMENT_TEAM = W5YD2TFVGJ;
				ENABLE_PREVIEWS = YES;
				GENERATE_INFOPLIST_FILE = YES;
				INFOPLIST_FILE = Info.plist;
				INFOPLIST_KEY_NSHumanReadableCopyright = "";
				LD_RUNPATH_SEARCH_PATHS = (
					"$(inherited)",
					"@executable_path/../Frameworks",
				);
				MARKETING_VERSION = 1.0;
				PRODUCT_BUNDLE_IDENTIFIER = "net.remino.copy-url";
				PRODUCT_NAME = "Copy URL";
				REGISTER_APP_GROUPS = YES;
				SWIFT_EMIT_LOC_STRINGS = YES;
				SWIFT_VERSION = 5.0;
			};
			name = Release;
		};
		A5C44B072E33BD7C00925B23 /* Debug */ = {
			isa = XCBuildConfiguration;
			buildSettings = {
				BUNDLE_LOADER = "$(TEST_HOST)";
				CODE_SIGN_STYLE = Automatic;
				CURRENT_PROJECT_VERSION = 1;
				GENERATE_INFOPLIST_FILE = YES;
				MACOSX_DEPLOYMENT_TARGET = 15.5;
				MARKETING_VERSION = 1.0;
				PRODUCT_BUNDLE_IDENTIFIER = net.remino.CopyURLTests;
				PRODUCT_NAME = "$(TARGET_NAME)";
				SWIFT_EMIT_LOC_STRINGS = NO;
				SWIFT_VERSION = 5.0;
				TEST_HOST = "$(BUILT_PRODUCTS_DIR)/CopyURL.app/$(BUNDLE_EXECUTABLE_FOLDER_PATH)/CopyURL";
			};
			name = Debug;
		};
		A5C44B082E33BD7C00925B23 /* Release */ = {
			isa = XCBuildConfiguration;
			buildSettings = {
				BUNDLE_LOADER = "$(TEST_HOST)";
				CODE_SIGN_STYLE = Automatic;
				CURRENT_PROJECT_VERSION = 1;
				GENERATE_INFOPLIST_FILE = YES;
				MACOSX_DEPLOYMENT_TARGET = 15.5;
				MARKETING_VERSION = 1.0;
				PRODUCT_BUNDLE_IDENTIFIER = net.remino.CopyURLTests;
				PRODUCT_NAME = "$(TARGET_NAME)";
				SWIFT_EMIT_LOC_STRINGS = NO;
				SWIFT_VERSION = 5.0;
				TEST_HOST = "$(BUILT_PRODUCTS_DIR)/CopyURL.app/$(BUNDLE_EXECUTABLE_FOLDER_PATH)/CopyURL";
			};
			name = Release;
		};
		A5C44B0A2E33BD7C00925B23 /* Debug */ = {
			isa = XCBuildConfiguration;
			buildSettings = {
				CODE_SIGN_STYLE = Automatic;
				CURRENT_PROJECT_VERSION = 1;
				GENERATE_INFOPLIST_FILE = YES;
				MARKETING_VERSION = 1.0;
				PRODUCT_BUNDLE_IDENTIFIER = net.remino.CopyURLUITests;
				PRODUCT_NAME = "$(TARGET_NAME)";
				SWIFT_EMIT_LOC_STRINGS = NO;
				SWIFT_VERSION = 5.0;
				TEST_TARGET_NAME = CopyURL;
			};
			name = Debug;
		};
		A5C44B0B2E33BD7C00925B23 /* Release */ = {
			isa = XCBuildConfiguration;
			buildSettings = {
				CODE_SIGN_STYLE = Automatic;
				CURRENT_PROJECT_VERSION = 1;
				GENERATE_INFOPLIST_FILE = YES;
				MARKETING_VERSION = 1.0;
				PRODUCT_BUNDLE_IDENTIFIER = net.remino.CopyURLUITests;
				PRODUCT_NAME = "$(TARGET_NAME)";
				SWIFT_EMIT_LOC_STRINGS = NO;
				SWIFT_VERSION = 5.0;
				TEST_TARGET_NAME = CopyURL;
			};
			name = Release;
		};
/* End XCBuildConfiguration section */

/* Begin XCConfigurationList section */
		A5C44ADC2E33BD7B00925B23 /* Build configuration list for PBXProject "CopyURL" */ = {
			isa = XCConfigurationList;
			buildConfigurations = (
				A5C44B012E33BD7C00925B23 /* Debug */,
				A5C44B022E33BD7C00925B23 /* Release */,
			);
			defaultConfigurationIsVisible = 0;
			defaultConfigurationName = Release;
		};
		A5C44B032E33BD7C00925B23 /* Build configuration list for PBXNativeTarget "CopyURL" */ = {
			isa = XCConfigurationList;
			buildConfigurations = (
				A5C44B042E33BD7C00925B23 /* Debug */,
				A5C44B052E33BD7C00925B23 /* Release */,
			);
			defaultConfigurationIsVisible = 0;
			defaultConfigurationName = Release;
		};
		A5C44B062E33BD7C00925B23 /* Build configuration list for PBXNativeTarget "CopyURLTests" */ = {
			isa = XCConfigurationList;
			buildConfigurations = (
				A5C44B072E33BD7C00925B23 /* Debug */,
				A5C44B082E33BD7C00925B23 /* Release */,
			);
			defaultConfigurationIsVisible = 0;
			defaultConfigurationName = Release;
		};
		A5C44B092E33BD7C00925B23 /* Build configuration list for PBXNativeTarget "CopyURLUITests" */ = {
			isa = XCConfigurationList;
			buildConfigurations = (
				A5C44B0A2E33BD7C00925B23 /* Debug */,
				A5C44B0B2E33BD7C00925B23 /* Release */,
			);
			defaultConfigurationIsVisible = 0;
			defaultConfigurationName = Release;
		};
/* End XCConfigurationList section */
	};
	rootObject = A5C44AD92E33BD7B00925B23 /* Project object */;
}
